// !$*UTF8*$!
{
	archiveVersion = 1;
	classes = {
	};
	objectVersion = 46;
	objects = {

/* Begin PBXBuildFile section */
		2D43FF9375B9EBAA3800DFCC /* Pods.framework in Frameworks */ = {isa = PBXBuildFile; fileRef = BCE24B0F2D11215D034152FA /* Pods.framework */; };
		BB9E88691CC1E205007F0D07 /* ChargeViewController.swift in Sources */ = {isa = PBXBuildFile; fileRef = BB9E88681CC1E205007F0D07 /* ChargeViewController.swift */; };
		BB9E886B1CC1E2CD007F0D07 /* Network.swift in Sources */ = {isa = PBXBuildFile; fileRef = BB9E886A1CC1E2CD007F0D07 /* Network.swift */; };
		BB9E886D1CC1E303007F0D07 /* PaymentAPI.swift in Sources */ = {isa = PBXBuildFile; fileRef = BB9E886C1CC1E303007F0D07 /* PaymentAPI.swift */; };
		BBD8A23E1CC10C060048228B /* AppDelegate.swift in Sources */ = {isa = PBXBuildFile; fileRef = BBD8A23D1CC10C060048228B /* AppDelegate.swift */; };
		BBD8A2431CC10C060048228B /* Main.storyboard in Resources */ = {isa = PBXBuildFile; fileRef = BBD8A2411CC10C060048228B /* Main.storyboard */; };
		BBD8A2451CC10C060048228B /* Assets.xcassets in Resources */ = {isa = PBXBuildFile; fileRef = BBD8A2441CC10C060048228B /* Assets.xcassets */; };
		BBD8A2481CC10C060048228B /* LaunchScreen.storyboard in Resources */ = {isa = PBXBuildFile; fileRef = BBD8A2461CC10C060048228B /* LaunchScreen.storyboard */; };
		BBD94FD01CC25E76004A5A0E /* PayViewModel.swift in Sources */ = {isa = PBXBuildFile; fileRef = BBD94FCF1CC25E76004A5A0E /* PayViewModel.swift */; };
		BBDF2EC41CC22ECB00161215 /* ChargeViewModel.swift in Sources */ = {isa = PBXBuildFile; fileRef = BBDF2EC31CC22ECB00161215 /* ChargeViewModel.swift */; };
		BBDF2EC61CC232F000161215 /* Amount.swift in Sources */ = {isa = PBXBuildFile; fileRef = BBDF2EC51CC232F000161215 /* Amount.swift */; };
		BBDF2EC81CC23CBD00161215 /* PromptAlert.swift in Sources */ = {isa = PBXBuildFile; fileRef = BBDF2EC71CC23CBD00161215 /* PromptAlert.swift */; };
		BBF7541F1CC24555009DC617 /* PayViewController.swift in Sources */ = {isa = PBXBuildFile; fileRef = BBF7541E1CC24555009DC617 /* PayViewController.swift */; };
		BBF7542A1CC245F4009DC617 /* MyPcmPlayerImp.m in Sources */ = {isa = PBXBuildFile; fileRef = BBF754251CC245F4009DC617 /* MyPcmPlayerImp.m */; };
		BBF7542B1CC245F4009DC617 /* MyPcmRecorderImp.m in Sources */ = {isa = PBXBuildFile; fileRef = BBF754271CC245F4009DC617 /* MyPcmRecorderImp.m */; };
		BBF7542D1CC24610009DC617 /* libSVSinVoiceLib.a in Frameworks */ = {isa = PBXBuildFile; fileRef = BBF7542C1CC24610009DC617 /* libSVSinVoiceLib.a */; };
		BBF754301CC2477C009DC617 /* VoiceSendRecognizer.m in Sources */ = {isa = PBXBuildFile; fileRef = BBF7542F1CC2477C009DC617 /* VoiceSendRecognizer.m */; };
		BBF754331CC256CA009DC617 /* VoiceListenRecognizer.m in Sources */ = {isa = PBXBuildFile; fileRef = BBF754321CC256CA009DC617 /* VoiceListenRecognizer.m */; };
/* End PBXBuildFile section */

/* Begin PBXFileReference section */
		5C99C2435DDC0A2F941F8E70 /* Pods.release.xcconfig */ = {isa = PBXFileReference; includeInIndex = 1; lastKnownFileType = text.xcconfig; name = Pods.release.xcconfig; path = "Pods/Target Support Files/Pods/Pods.release.xcconfig"; sourceTree = "<group>"; };
		A711A541808628E48A656C03 /* Pods.debug.xcconfig */ = {isa = PBXFileReference; includeInIndex = 1; lastKnownFileType = text.xcconfig; name = Pods.debug.xcconfig; path = "Pods/Target Support Files/Pods/Pods.debug.xcconfig"; sourceTree = "<group>"; };
		BB01778C1CC1385F00FDD9B2 /* Bridgingfile.h */ = {isa = PBXFileReference; lastKnownFileType = sourcecode.c.h; path = Bridgingfile.h; sourceTree = "<group>"; };
		BB9E88681CC1E205007F0D07 /* ChargeViewController.swift */ = {isa = PBXFileReference; fileEncoding = 4; lastKnownFileType = sourcecode.swift; path = ChargeViewController.swift; sourceTree = "<group>"; };
		BB9E886A1CC1E2CD007F0D07 /* Network.swift */ = {isa = PBXFileReference; fileEncoding = 4; lastKnownFileType = sourcecode.swift; path = Network.swift; sourceTree = "<group>"; };
		BB9E886C1CC1E303007F0D07 /* PaymentAPI.swift */ = {isa = PBXFileReference; fileEncoding = 4; lastKnownFileType = sourcecode.swift; path = PaymentAPI.swift; sourceTree = "<group>"; };
		BBD8A23A1CC10C060048228B /* app.app */ = {isa = PBXFileReference; explicitFileType = wrapper.application; includeInIndex = 0; path = app.app; sourceTree = BUILT_PRODUCTS_DIR; };
		BBD8A23D1CC10C060048228B /* AppDelegate.swift */ = {isa = PBXFileReference; lastKnownFileType = sourcecode.swift; path = AppDelegate.swift; sourceTree = "<group>"; };
		BBD8A2421CC10C060048228B /* Base */ = {isa = PBXFileReference; lastKnownFileType = file.storyboard; name = Base; path = Base.lproj/Main.storyboard; sourceTree = "<group>"; };
		BBD8A2441CC10C060048228B /* Assets.xcassets */ = {isa = PBXFileReference; lastKnownFileType = folder.assetcatalog; path = Assets.xcassets; sourceTree = "<group>"; };
		BBD8A2471CC10C060048228B /* Base */ = {isa = PBXFileReference; lastKnownFileType = file.storyboard; name = Base; path = Base.lproj/LaunchScreen.storyboard; sourceTree = "<group>"; };
		BBD8A2491CC10C060048228B /* Info.plist */ = {isa = PBXFileReference; lastKnownFileType = text.plist.xml; path = Info.plist; sourceTree = "<group>"; };
		BBD94FCF1CC25E76004A5A0E /* PayViewModel.swift */ = {isa = PBXFileReference; fileEncoding = 4; lastKnownFileType = sourcecode.swift; path = PayViewModel.swift; sourceTree = "<group>"; };
		BBDF2EC31CC22ECB00161215 /* ChargeViewModel.swift */ = {isa = PBXFileReference; fileEncoding = 4; lastKnownFileType = sourcecode.swift; path = ChargeViewModel.swift; sourceTree = "<group>"; };
		BBDF2EC51CC232F000161215 /* Amount.swift */ = {isa = PBXFileReference; fileEncoding = 4; lastKnownFileType = sourcecode.swift; path = Amount.swift; sourceTree = "<group>"; };
		BBDF2EC71CC23CBD00161215 /* PromptAlert.swift */ = {isa = PBXFileReference; fileEncoding = 4; lastKnownFileType = sourcecode.swift; path = PromptAlert.swift; sourceTree = "<group>"; };
		BBF7541E1CC24555009DC617 /* PayViewController.swift */ = {isa = PBXFileReference; fileEncoding = 4; lastKnownFileType = sourcecode.swift; path = PayViewController.swift; sourceTree = "<group>"; };
		BBF754211CC245F4009DC617 /* ESPcmPlayer.h */ = {isa = PBXFileReference; fileEncoding = 4; lastKnownFileType = sourcecode.c.h; path = ESPcmPlayer.h; sourceTree = "<group>"; };
		BBF754221CC245F4009DC617 /* ESPcmRecorder.h */ = {isa = PBXFileReference; fileEncoding = 4; lastKnownFileType = sourcecode.c.h; path = ESPcmRecorder.h; sourceTree = "<group>"; };
		BBF754231CC245F4009DC617 /* ESType.h */ = {isa = PBXFileReference; fileEncoding = 4; lastKnownFileType = sourcecode.c.h; path = ESType.h; sourceTree = "<group>"; };
		BBF754241CC245F4009DC617 /* MyPcmPlayerImp.h */ = {isa = PBXFileReference; fileEncoding = 4; lastKnownFileType = sourcecode.c.h; path = MyPcmPlayerImp.h; sourceTree = "<group>"; };
		BBF754251CC245F4009DC617 /* MyPcmPlayerImp.m */ = {isa = PBXFileReference; fileEncoding = 4; lastKnownFileType = sourcecode.c.objc; path = MyPcmPlayerImp.m; sourceTree = "<group>"; };
		BBF754261CC245F4009DC617 /* MyPcmRecorderImp.h */ = {isa = PBXFileReference; fileEncoding = 4; lastKnownFileType = sourcecode.c.h; path = MyPcmRecorderImp.h; sourceTree = "<group>"; };
		BBF754271CC245F4009DC617 /* MyPcmRecorderImp.m */ = {isa = PBXFileReference; fileEncoding = 4; lastKnownFileType = sourcecode.c.objc; path = MyPcmRecorderImp.m; sourceTree = "<group>"; };
		BBF754281CC245F4009DC617 /* SinVoicePlayer.h */ = {isa = PBXFileReference; fileEncoding = 4; lastKnownFileType = sourcecode.c.h; path = SinVoicePlayer.h; sourceTree = "<group>"; };
		BBF754291CC245F4009DC617 /* SinVoiceRecognizer.h */ = {isa = PBXFileReference; fileEncoding = 4; lastKnownFileType = sourcecode.c.h; path = SinVoiceRecognizer.h; sourceTree = "<group>"; };
		BBF7542C1CC24610009DC617 /* libSVSinVoiceLib.a */ = {isa = PBXFileReference; lastKnownFileType = archive.ar; path = libSVSinVoiceLib.a; sourceTree = "<group>"; };
		BBF7542E1CC2477C009DC617 /* VoiceSendRecognizer.h */ = {isa = PBXFileReference; fileEncoding = 4; lastKnownFileType = sourcecode.c.h; path = VoiceSendRecognizer.h; sourceTree = "<group>"; };
		BBF7542F1CC2477C009DC617 /* VoiceSendRecognizer.m */ = {isa = PBXFileReference; fileEncoding = 4; lastKnownFileType = sourcecode.c.objc; path = VoiceSendRecognizer.m; sourceTree = "<group>"; };
		BBF754311CC256CA009DC617 /* VoiceListenRecognizer.h */ = {isa = PBXFileReference; fileEncoding = 4; lastKnownFileType = sourcecode.c.h; path = VoiceListenRecognizer.h; sourceTree = "<group>"; };
		BBF754321CC256CA009DC617 /* VoiceListenRecognizer.m */ = {isa = PBXFileReference; fileEncoding = 4; lastKnownFileType = sourcecode.c.objc; path = VoiceListenRecognizer.m; sourceTree = "<group>"; };
		BCE24B0F2D11215D034152FA /* Pods.framework */ = {isa = PBXFileReference; explicitFileType = wrapper.framework; includeInIndex = 0; path = Pods.framework; sourceTree = BUILT_PRODUCTS_DIR; };
/* End PBXFileReference section */

/* Begin PBXFrameworksBuildPhase section */
		BBD8A2371CC10C060048228B /* Frameworks */ = {
			isa = PBXFrameworksBuildPhase;
			buildActionMask = 2147483647;
			files = (
				BBF7542D1CC24610009DC617 /* libSVSinVoiceLib.a in Frameworks */,
				2D43FF9375B9EBAA3800DFCC /* Pods.framework in Frameworks */,
			);
			runOnlyForDeploymentPostprocessing = 0;
		};
/* End PBXFrameworksBuildPhase section */

/* Begin PBXGroup section */
		500BC38B4300D41DAFF80AE5 /* Pods */ = {
			isa = PBXGroup;
			children = (
				A711A541808628E48A656C03 /* Pods.debug.xcconfig */,
				5C99C2435DDC0A2F941F8E70 /* Pods.release.xcconfig */,
			);
			name = Pods;
			sourceTree = "<group>";
		};
		93D0D02C72B52FAE97C1A334 /* Frameworks */ = {
			isa = PBXGroup;
			children = (
				BCE24B0F2D11215D034152FA /* Pods.framework */,
			);
			name = Frameworks;
			sourceTree = "<group>";
		};
		BBD8A2311CC10C060048228B = {
			isa = PBXGroup;
			children = (
				BBD8A23C1CC10C060048228B /* app */,
				BBD8A23B1CC10C060048228B /* Products */,
				500BC38B4300D41DAFF80AE5 /* Pods */,
				93D0D02C72B52FAE97C1A334 /* Frameworks */,
			);
			sourceTree = "<group>";
		};
		BBD8A23B1CC10C060048228B /* Products */ = {
			isa = PBXGroup;
			children = (
				BBD8A23A1CC10C060048228B /* app.app */,
			);
			name = Products;
			sourceTree = "<group>";
		};
		BBD8A23C1CC10C060048228B /* app */ = {
			isa = PBXGroup;
			children = (
				BBF754201CC245E7009DC617 /* SoundLib */,
				BBDF2EC51CC232F000161215 /* Amount.swift */,
				BB9E886A1CC1E2CD007F0D07 /* Network.swift */,
				BB9E886C1CC1E303007F0D07 /* PaymentAPI.swift */,
				BBDF2EC71CC23CBD00161215 /* PromptAlert.swift */,
				BBD8A23D1CC10C060048228B /* AppDelegate.swift */,
				BB9E88681CC1E205007F0D07 /* ChargeViewController.swift */,
				BBDF2EC31CC22ECB00161215 /* ChargeViewModel.swift */,
				BBF7541E1CC24555009DC617 /* PayViewController.swift */,
				BBD94FCF1CC25E76004A5A0E /* PayViewModel.swift */,
				BBF7542E1CC2477C009DC617 /* VoiceSendRecognizer.h */,
				BBF7542F1CC2477C009DC617 /* VoiceSendRecognizer.m */,
				BBF754311CC256CA009DC617 /* VoiceListenRecognizer.h */,
				BBF754321CC256CA009DC617 /* VoiceListenRecognizer.m */,
				BBD8A2411CC10C060048228B /* Main.storyboard */,
				BBD8A2441CC10C060048228B /* Assets.xcassets */,
				BBD8A2461CC10C060048228B /* LaunchScreen.storyboard */,
				BBD8A2491CC10C060048228B /* Info.plist */,
				BB01778C1CC1385F00FDD9B2 /* Bridgingfile.h */,
			);
			path = app;
			sourceTree = "<group>";
		};
		BBF754201CC245E7009DC617 /* SoundLib */ = {
			isa = PBXGroup;
			children = (
				BBF7542C1CC24610009DC617 /* libSVSinVoiceLib.a */,
				BBF754211CC245F4009DC617 /* ESPcmPlayer.h */,
				BBF754221CC245F4009DC617 /* ESPcmRecorder.h */,
				BBF754231CC245F4009DC617 /* ESType.h */,
				BBF754241CC245F4009DC617 /* MyPcmPlayerImp.h */,
				BBF754251CC245F4009DC617 /* MyPcmPlayerImp.m */,
				BBF754261CC245F4009DC617 /* MyPcmRecorderImp.h */,
				BBF754271CC245F4009DC617 /* MyPcmRecorderImp.m */,
				BBF754281CC245F4009DC617 /* SinVoicePlayer.h */,
				BBF754291CC245F4009DC617 /* SinVoiceRecognizer.h */,
			);
			name = SoundLib;
			sourceTree = "<group>";
		};
/* End PBXGroup section */

/* Begin PBXNativeTarget section */
		BBD8A2391CC10C060048228B /* app */ = {
			isa = PBXNativeTarget;
			buildConfigurationList = BBD8A24C1CC10C060048228B /* Build configuration list for PBXNativeTarget "app" */;
			buildPhases = (
				B1AB4AC0CE189C37E2452545 /* Check Pods Manifest.lock */,
				BBD8A2361CC10C060048228B /* Sources */,
				BBD8A2371CC10C060048228B /* Frameworks */,
				BBD8A2381CC10C060048228B /* Resources */,
				7ADE99729362D62D974B61B6 /* Embed Pods Frameworks */,
				C2C6309EB492BDF9F0063671 /* Copy Pods Resources */,
			);
			buildRules = (
			);
			dependencies = (
			);
			name = app;
			productName = app;
			productReference = BBD8A23A1CC10C060048228B /* app.app */;
			productType = "com.apple.product-type.application";
		};
/* End PBXNativeTarget section */

/* Begin PBXProject section */
		BBD8A2321CC10C060048228B /* Project object */ = {
			isa = PBXProject;
			attributes = {
				LastSwiftUpdateCheck = 0730;
				LastUpgradeCheck = 0730;
				ORGANIZATIONNAME = "Remi Robert";
				TargetAttributes = {
					BBD8A2391CC10C060048228B = {
						CreatedOnToolsVersion = 7.3;
					};
				};
			};
			buildConfigurationList = BBD8A2351CC10C060048228B /* Build configuration list for PBXProject "app" */;
			compatibilityVersion = "Xcode 3.2";
			developmentRegion = English;
			hasScannedForEncodings = 0;
			knownRegions = (
				en,
				Base,
			);
			mainGroup = BBD8A2311CC10C060048228B;
			productRefGroup = BBD8A23B1CC10C060048228B /* Products */;
			projectDirPath = "";
			projectRoot = "";
			targets = (
				BBD8A2391CC10C060048228B /* app */,
			);
		};
/* End PBXProject section */

/* Begin PBXResourcesBuildPhase section */
		BBD8A2381CC10C060048228B /* Resources */ = {
			isa = PBXResourcesBuildPhase;
			buildActionMask = 2147483647;
			files = (
				BBD8A2481CC10C060048228B /* LaunchScreen.storyboard in Resources */,
				BBD8A2451CC10C060048228B /* Assets.xcassets in Resources */,
				BBD8A2431CC10C060048228B /* Main.storyboard in Resources */,
			);
			runOnlyForDeploymentPostprocessing = 0;
		};
/* End PBXResourcesBuildPhase section */

/* Begin PBXShellScriptBuildPhase section */
		7ADE99729362D62D974B61B6 /* Embed Pods Frameworks */ = {
			isa = PBXShellScriptBuildPhase;
			buildActionMask = 2147483647;
			files = (
			);
			inputPaths = (
			);
			name = "Embed Pods Frameworks";
			outputPaths = (
			);
			runOnlyForDeploymentPostprocessing = 0;
			shellPath = /bin/sh;
			shellScript = "\"${SRCROOT}/Pods/Target Support Files/Pods/Pods-frameworks.sh\"\n";
			showEnvVarsInLog = 0;
		};
		B1AB4AC0CE189C37E2452545 /* Check Pods Manifest.lock */ = {
			isa = PBXShellScriptBuildPhase;
			buildActionMask = 2147483647;
			files = (
			);
			inputPaths = (
			);
			name = "Check Pods Manifest.lock";
			outputPaths = (
			);
			runOnlyForDeploymentPostprocessing = 0;
			shellPath = /bin/sh;
			shellScript = "diff \"${PODS_ROOT}/../Podfile.lock\" \"${PODS_ROOT}/Manifest.lock\" > /dev/null\nif [[ $? != 0 ]] ; then\n    cat << EOM\nerror: The sandbox is not in sync with the Podfile.lock. Run 'pod install' or update your CocoaPods installation.\nEOM\n    exit 1\nfi\n";
			showEnvVarsInLog = 0;
		};
		C2C6309EB492BDF9F0063671 /* Copy Pods Resources */ = {
			isa = PBXShellScriptBuildPhase;
			buildActionMask = 2147483647;
			files = (
			);
			inputPaths = (
			);
			name = "Copy Pods Resources";
			outputPaths = (
			);
			runOnlyForDeploymentPostprocessing = 0;
			shellPath = /bin/sh;
			shellScript = "\"${SRCROOT}/Pods/Target Support Files/Pods/Pods-resources.sh\"\n";
			showEnvVarsInLog = 0;
		};
/* End PBXShellScriptBuildPhase section */

/* Begin PBXSourcesBuildPhase section */
		BBD8A2361CC10C060048228B /* Sources */ = {
			isa = PBXSourcesBuildPhase;
			buildActionMask = 2147483647;
			files = (
				BBDF2EC81CC23CBD00161215 /* PromptAlert.swift in Sources */,
				BBD8A23E1CC10C060048228B /* AppDelegate.swift in Sources */,
				BBF7542A1CC245F4009DC617 /* MyPcmPlayerImp.m in Sources */,
				BB9E88691CC1E205007F0D07 /* ChargeViewController.swift in Sources */,
				BBF7541F1CC24555009DC617 /* PayViewController.swift in Sources */,
				BBDF2EC41CC22ECB00161215 /* ChargeViewModel.swift in Sources */,
				BBF754301CC2477C009DC617 /* VoiceSendRecognizer.m in Sources */,
				BBF754331CC256CA009DC617 /* VoiceListenRecognizer.m in Sources */,
				BB9E886B1CC1E2CD007F0D07 /* Network.swift in Sources */,
				BBF7542B1CC245F4009DC617 /* MyPcmRecorderImp.m in Sources */,
				BB9E886D1CC1E303007F0D07 /* PaymentAPI.swift in Sources */,
				BBDF2EC61CC232F000161215 /* Amount.swift in Sources */,
				BBD94FD01CC25E76004A5A0E /* PayViewModel.swift in Sources */,
			);
			runOnlyForDeploymentPostprocessing = 0;
		};
/* End PBXSourcesBuildPhase section */

/* Begin PBXVariantGroup section */
		BBD8A2411CC10C060048228B /* Main.storyboard */ = {
			isa = PBXVariantGroup;
			children = (
				BBD8A2421CC10C060048228B /* Base */,
			);
			name = Main.storyboard;
			sourceTree = "<group>";
		};
		BBD8A2461CC10C060048228B /* LaunchScreen.storyboard */ = {
			isa = PBXVariantGroup;
			children = (
				BBD8A2471CC10C060048228B /* Base */,
			);
			name = LaunchScreen.storyboard;
			sourceTree = "<group>";
		};
/* End PBXVariantGroup section */

/* Begin XCBuildConfiguration section */
		BBD8A24A1CC10C060048228B /* Debug */ = {
			isa = XCBuildConfiguration;
			buildSettings = {
				ALWAYS_SEARCH_USER_PATHS = NO;
				CLANG_ANALYZER_NONNULL = YES;
				CLANG_CXX_LANGUAGE_STANDARD = "gnu++0x";
				CLANG_CXX_LIBRARY = "libc++";
				CLANG_ENABLE_MODULES = YES;
				CLANG_ENABLE_OBJC_ARC = YES;
				CLANG_WARN_BOOL_CONVERSION = YES;
				CLANG_WARN_CONSTANT_CONVERSION = YES;
				CLANG_WARN_DIRECT_OBJC_ISA_USAGE = YES_ERROR;
				CLANG_WARN_EMPTY_BODY = YES;
				CLANG_WARN_ENUM_CONVERSION = YES;
				CLANG_WARN_INT_CONVERSION = YES;
				CLANG_WARN_OBJC_ROOT_CLASS = YES_ERROR;
				CLANG_WARN_UNREACHABLE_CODE = YES;
				CLANG_WARN__DUPLICATE_METHOD_MATCH = YES;
				"CODE_SIGN_IDENTITY[sdk=iphoneos*]" = "iPhone Developer";
				COPY_PHASE_STRIP = NO;
				DEBUG_INFORMATION_FORMAT = dwarf;
				ENABLE_STRICT_OBJC_MSGSEND = YES;
				ENABLE_TESTABILITY = YES;
				GCC_C_LANGUAGE_STANDARD = gnu99;
				GCC_DYNAMIC_NO_PIC = NO;
				GCC_NO_COMMON_BLOCKS = YES;
				GCC_OPTIMIZATION_LEVEL = 0;
				GCC_PREPROCESSOR_DEFINITIONS = (
					"DEBUG=1",
					"$(inherited)",
				);
				GCC_WARN_64_TO_32_BIT_CONVERSION = YES;
				GCC_WARN_ABOUT_RETURN_TYPE = YES_ERROR;
				GCC_WARN_UNDECLARED_SELECTOR = YES;
				GCC_WARN_UNINITIALIZED_AUTOS = YES_AGGRESSIVE;
				GCC_WARN_UNUSED_FUNCTION = YES;
				GCC_WARN_UNUSED_VARIABLE = YES;
				IPHONEOS_DEPLOYMENT_TARGET = 9.3;
				MTL_ENABLE_DEBUG_INFO = YES;
				ONLY_ACTIVE_ARCH = YES;
				SDKROOT = iphoneos;
				SWIFT_OPTIMIZATION_LEVEL = "-Onone";
				TARGETED_DEVICE_FAMILY = "1,2";
			};
			name = Debug;
		};
		BBD8A24B1CC10C060048228B /* Release */ = {
			isa = XCBuildConfiguration;
			buildSettings = {
				ALWAYS_SEARCH_USER_PATHS = NO;
				CLANG_ANALYZER_NONNULL = YES;
				CLANG_CXX_LANGUAGE_STANDARD = "gnu++0x";
				CLANG_CXX_LIBRARY = "libc++";
				CLANG_ENABLE_MODULES = YES;
				CLANG_ENABLE_OBJC_ARC = YES;
				CLANG_WARN_BOOL_CONVERSION = YES;
				CLANG_WARN_CONSTANT_CONVERSION = YES;
				CLANG_WARN_DIRECT_OBJC_ISA_USAGE = YES_ERROR;
				CLANG_WARN_EMPTY_BODY = YES;
				CLANG_WARN_ENUM_CONVERSION = YES;
				CLANG_WARN_INT_CONVERSION = YES;
				CLANG_WARN_OBJC_ROOT_CLASS = YES_ERROR;
				CLANG_WARN_UNREACHABLE_CODE = YES;
				CLANG_WARN__DUPLICATE_METHOD_MATCH = YES;
				"CODE_SIGN_IDENTITY[sdk=iphoneos*]" = "iPhone Developer";
				COPY_PHASE_STRIP = NO;
				DEBUG_INFORMATION_FORMAT = "dwarf-with-dsym";
				ENABLE_NS_ASSERTIONS = NO;
				ENABLE_STRICT_OBJC_MSGSEND = YES;
				GCC_C_LANGUAGE_STANDARD = gnu99;
				GCC_NO_COMMON_BLOCKS = YES;
				GCC_WARN_64_TO_32_BIT_CONVERSION = YES;
				GCC_WARN_ABOUT_RETURN_TYPE = YES_ERROR;
				GCC_WARN_UNDECLARED_SELECTOR = YES;
				GCC_WARN_UNINITIALIZED_AUTOS = YES_AGGRESSIVE;
				GCC_WARN_UNUSED_FUNCTION = YES;
				GCC_WARN_UNUSED_VARIABLE = YES;
				IPHONEOS_DEPLOYMENT_TARGET = 9.3;
				MTL_ENABLE_DEBUG_INFO = NO;
				SDKROOT = iphoneos;
				TARGETED_DEVICE_FAMILY = "1,2";
				VALIDATE_PRODUCT = YES;
			};
			name = Release;
		};
		BBD8A24D1CC10C060048228B /* Debug */ = {
			isa = XCBuildConfiguration;
			baseConfigurationReference = A711A541808628E48A656C03 /* Pods.debug.xcconfig */;
			buildSettings = {
				ASSETCATALOG_COMPILER_APPICON_NAME = AppIcon;
				ENABLE_BITCODE = NO;
				INFOPLIST_FILE = app/Info.plist;
				IPHONEOS_DEPLOYMENT_TARGET = 9.0;
				LD_RUNPATH_SEARCH_PATHS = "$(inherited) @executable_path/Frameworks";
				LIBRARY_SEARCH_PATHS = (
					"$(inherited)",
					"$(PROJECT_DIR)/app",
					"$(PROJECT_DIR)/lib",
					"$(PROJECT_DIR)/lib/Dependencies/Network",
					"$(PROJECT_DIR)/lib/One",
				);
				PRODUCT_BUNDLE_IDENTIFIER = com.remirobert.app;
				PRODUCT_NAME = "$(TARGET_NAME)";
				SWIFT_OBJC_BRIDGING_HEADER = app/Bridgingfile.h;
			};
			name = Debug;
		};
		BBD8A24E1CC10C060048228B /* Release */ = {
			isa = XCBuildConfiguration;
			baseConfigurationReference = 5C99C2435DDC0A2F941F8E70 /* Pods.release.xcconfig */;
			buildSettings = {
				ASSETCATALOG_COMPILER_APPICON_NAME = AppIcon;
				ENABLE_BITCODE = NO;
				INFOPLIST_FILE = app/Info.plist;
				IPHONEOS_DEPLOYMENT_TARGET = 9.0;
				LD_RUNPATH_SEARCH_PATHS = "$(inherited) @executable_path/Frameworks";
				LIBRARY_SEARCH_PATHS = (
					"$(inherited)",
					"$(PROJECT_DIR)/app",
					"$(PROJECT_DIR)/lib",
					"$(PROJECT_DIR)/lib/Dependencies/Network",
					"$(PROJECT_DIR)/lib/One",
				);
				PRODUCT_BUNDLE_IDENTIFIER = com.remirobert.app;
				PRODUCT_NAME = "$(TARGET_NAME)";
				SWIFT_OBJC_BRIDGING_HEADER = app/Bridgingfile.h;
			};
			name = Release;
		};
/* End XCBuildConfiguration section */

/* Begin XCConfigurationList section */
		BBD8A2351CC10C060048228B /* Build configuration list for PBXProject "app" */ = {
			isa = XCConfigurationList;
			buildConfigurations = (
				BBD8A24A1CC10C060048228B /* Debug */,
				BBD8A24B1CC10C060048228B /* Release */,
			);
			defaultConfigurationIsVisible = 0;
			defaultConfigurationName = Release;
		};
		BBD8A24C1CC10C060048228B /* Build configuration list for PBXNativeTarget "app" */ = {
			isa = XCConfigurationList;
			buildConfigurations = (
				BBD8A24D1CC10C060048228B /* Debug */,
				BBD8A24E1CC10C060048228B /* Release */,
			);
			defaultConfigurationIsVisible = 0;
			defaultConfigurationName = Release;
		};
/* End XCConfigurationList section */
	};
	rootObject = BBD8A2321CC10C060048228B /* Project object */;
}
