PODS:
  - Alamofire (3.3.1)
  - NSObject+Rx (1.2.0):
    - RxSwift (~> 2.0.0)
  - Pingpp (2.2.1):
    - Pingpp/Alipay (= 2.2.1)
    - Pingpp/Core (= 2.2.1)
    - Pingpp/UnionPay (= 2.2.1)
  - Pingpp/Alipay (2.2.1):
    - Pingpp/Core
  - Pingpp/Core (2.2.1):
    - Pingpp/Network
  - Pingpp/Network (2.2.1)
  - Pingpp/UnionPay (2.2.1):
    - Pingpp/Core
  - RxBlocking (2.0.0):
    - RxSwift (~> 2.0)
  - RxCocoa (2.0.0):
    - RxSwift (~> 2.0)
  - RxSwift (2.0.0)

DEPENDENCIES:
  - Alamofire
  - NSObject+Rx
  - Pingpp (~> 2.2.1)
  - RxBlocking (~> 2.0.0-beta.4)
  - RxCocoa (~> 2.0.0-beta.4)
  - RxSwift (~> 2.0.0-beta.4)

SPEC CHECKSUMS:
  Alamofire: 369bc67b6f5ac33ded3648d7bd21c5bfb91c2ecc
  NSObject+Rx: 552d0a5bb78087b0faf9f8a066148577f1231426
  Pingpp: dee508790e80d288459f58ea407507f47885ff36
  RxBlocking: a95a10ed54eb5d116f6c9a87047ff671e181d07b
  RxCocoa: b0ebd70b4f7450bdb3c8987b122f8fd568dc1e2f
  RxSwift: d83246efa6f16c50c143bec134649d045498f601

COCOAPODS: 0.39.0
